
Microsoft Visual Studio Solution File, Format Version 12.00
Project("{FAE04EC0-301F-11D3-BF4B-00C04F79EFBC}") = "dymaptic.Blazor.StateManagement", "src\dymaptic.Blazor.StateManagement\dymaptic.Blazor.StateManagement.csproj", "{0488F6A3-A324-4667-89FC-77E6D8EE1BF0}"
EndProject
Project("{FAE04EC0-301F-11D3-BF4B-00C04F79EFBC}") = "dymaptic.Blazor.StateManagement.Sample", "sample\dymaptic.Blazor.StateManagement.Sample\dymaptic.Blazor.StateManagement.Sample\dymaptic.Blazor.StateManagement.Sample.csproj", "{7782F310-E8A3-4D2E-AB23-E16470D9DB55}"
EndProject
Project("{FAE04EC0-301F-11D3-BF4B-00C04F79EFBC}") = "dymaptic.Blazor.StateManagement.Sample.Client", "sample\dymaptic.Blazor.StateManagement.Sample\dymaptic.Blazor.StateManagement.Sample.Client\dymaptic.Blazor.StateManagement.Sample.Client.csproj", "{3BB4FD02-5589-4411-BC84-48A789F5FA54}"
EndProject
Project("{FAE04EC0-301F-11D3-BF4B-00C04F79EFBC}") = "dymaptic.Blazor.StateManagement.Server", "src\dymaptic.Blazor.StateManagement.Server\dymaptic.Blazor.StateManagement.Server.csproj", "{96CA2212-81BC-4AC3-9CA3-894A3D24BE9A}"
EndProject
Global
	GlobalSection(SolutionConfigurationPlatforms) = preSolution
		Debug|Any CPU = Debug|Any CPU
		Release|Any CPU = Release|Any CPU
	EndGlobalSection
	GlobalSection(ProjectConfigurationPlatforms) = postSolution
		{0488F6A3-A324-4667-89FC-77E6D8EE1BF0}.Debug|Any CPU.ActiveCfg = Debug|Any CPU
		{0488F6A3-A324-4667-89FC-77E6D8EE1BF0}.Debug|Any CPU.Build.0 = Debug|Any CPU
		{0488F6A3-A324-4667-89FC-77E6D8EE1BF0}.Release|Any CPU.ActiveCfg = Release|Any CPU
		{0488F6A3-A324-4667-89FC-77E6D8EE1BF0}.Release|Any CPU.Build.0 = Release|Any CPU
		{7782F310-E8A3-4D2E-AB23-E16470D9DB55}.Debug|Any CPU.ActiveCfg = Debug|Any CPU
		{7782F310-E8A3-4D2E-AB23-E16470D9DB55}.Debug|Any CPU.Build.0 = Debug|Any CPU
		{7782F310-E8A3-4D2E-AB23-E16470D9DB55}.Release|Any CPU.ActiveCfg = Release|Any CPU
		{7782F310-E8A3-4D2E-AB23-E16470D9DB55}.Release|Any CPU.Build.0 = Release|Any CPU
		{3BB4FD02-5589-4411-BC84-48A789F5FA54}.Debug|Any CPU.ActiveCfg = Debug|Any CPU
		{3BB4FD02-5589-4411-BC84-48A789F5FA54}.Debug|Any CPU.Build.0 = Debug|Any CPU
		{3BB4FD02-5589-4411-BC84-48A789F5FA54}.Release|Any CPU.ActiveCfg = Release|Any CPU
		{3BB4FD02-5589-4411-BC84-48A789F5FA54}.Release|Any CPU.Build.0 = Release|Any CPU
		{96CA2212-81BC-4AC3-9CA3-894A3D24BE9A}.Debug|Any CPU.ActiveCfg = Debug|Any CPU
		{96CA2212-81BC-4AC3-9CA3-894A3D24BE9A}.Debug|Any CPU.Build.0 = Debug|Any CPU
		{96CA2212-81BC-4AC3-9CA3-894A3D24BE9A}.Release|Any CPU.ActiveCfg = Release|Any CPU
		{96CA2212-81BC-4AC3-9CA3-894A3D24BE9A}.Release|Any CPU.Build.0 = Release|Any CPU
	EndGlobalSection
EndGlobal
